
Microsoft Visual Studio Solution File, Format Version 12.00
# Visual Studio Version 16
VisualStudioVersion = 16.0.31729.503
MinimumVisualStudioVersion = 10.0.40219.1
Project("{FAE04EC0-301F-11D3-BF4B-00C04F79EFBC}") = "CharlieExam3Sem", "CharlieExam3Sem\CharlieExam3Sem.csproj", "{C0A8C57A-8717-409C-BE38-CE17BC4750CD}"
EndProject
Global
	GlobalSection(SolutionConfigurationPlatforms) = preSolution
		Debug|Any CPU = Debug|Any CPU
		Release|Any CPU = Release|Any CPU
	EndGlobalSection
	GlobalSection(ProjectConfigurationPlatforms) = postSolution
		{C0A8C57A-8717-409C-BE38-CE17BC4750CD}.Debug|Any CPU.ActiveCfg = Debug|Any CPU
		{C0A8C57A-8717-409C-BE38-CE17BC4750CD}.Debug|Any CPU.Build.0 = Debug|Any CPU
		{C0A8C57A-8717-409C-BE38-CE17BC4750CD}.Release|Any CPU.ActiveCfg = Release|Any CPU
		{C0A8C57A-8717-409C-BE38-CE17BC4750CD}.Release|Any CPU.Build.0 = Release|Any CPU
	EndGlobalSection
	GlobalSection(SolutionProperties) = preSolution
		HideSolutionNode = FALSE
	EndGlobalSection
	GlobalSection(ExtensibilityGlobals) = postSolution
		SolutionGuid = {E7E519B5-32E7-4DCA-B026-0AF16A563D27}
	EndGlobalSection
EndGlobal
